
Microsoft Visual Studio Solution File, Format Version 12.00
# Visual Studio Version 17
VisualStudioVersion = 17.14.36310.24
MinimumVisualStudioVersion = 10.0.40219.1
Project("{FAE04EC0-301F-11D3-BF4B-00C04F79EFBC}") = "Company_", "Company_\Company_.csproj", "{C379D26F-5020-4B29-9A9A-7066046CAD60}"
EndProject
Project("{FAE04EC0-301F-11D3-BF4B-00C04F79EFBC}") = "HR_", "HR_\HR_\HR_.csproj", "{3021B1A1-2082-06B2-BE18-D336A5384605}"
EndProject
Project("{FAE04EC0-301F-11D3-BF4B-00C04F79EFBC}") = "Employee_", "Employee_\Employee_.csproj", "{E5B8A2F1-3456-4789-ABCD-1234567890EF}"
EndProject
Global
	GlobalSection(SolutionConfigurationPlatforms) = preSolution
		Debug|Any CPU = Debug|Any CPU
		Release|Any CPU = Release|Any CPU
	EndGlobalSection
	GlobalSection(ProjectConfigurationPlatforms) = postSolution
		{C379D26F-5020-4B29-9A9A-7066046CAD60}.Debug|Any CPU.ActiveCfg = Debug|Any CPU
		{C379D26F-5020-4B29-9A9A-7066046CAD60}.Debug|Any CPU.Build.0 = Debug|Any CPU
		{C379D26F-5020-4B29-9A9A-7066046CAD60}.Release|Any CPU.ActiveCfg = Release|Any CPU
		{C379D26F-5020-4B29-9A9A-7066046CAD60}.Release|Any CPU.Build.0 = Release|Any CPU
		{3021B1A1-2082-06B2-BE18-D336A5384605}.Debug|Any CPU.ActiveCfg = Debug|Any CPU
		{3021B1A1-2082-06B2-BE18-D336A5384605}.Debug|Any CPU.Build.0 = Debug|Any CPU
		{3021B1A1-2082-06B2-BE18-D336A5384605}.Release|Any CPU.ActiveCfg = Release|Any CPU
		{3021B1A1-2082-06B2-BE18-D336A5384605}.Release|Any CPU.Build.0 = Release|Any CPU
		{E5B8A2F1-3456-4789-ABCD-1234567890EF}.Debug|Any CPU.ActiveCfg = Debug|Any CPU
		{E5B8A2F1-3456-4789-ABCD-1234567890EF}.Debug|Any CPU.Build.0 = Debug|Any CPU
		{E5B8A2F1-3456-4789-ABCD-1234567890EF}.Release|Any CPU.ActiveCfg = Release|Any CPU
		{E5B8A2F1-3456-4789-ABCD-1234567890EF}.Release|Any CPU.Build.0 = Release|Any CPU
	EndGlobalSection
	GlobalSection(SolutionProperties) = preSolution
		HideSolutionNode = FALSE
	EndGlobalSection
	GlobalSection(ExtensibilityGlobals) = postSolution
		SolutionGuid = {B34EC0F2-2F42-454C-B44B-1580CA7CF955}
	EndGlobalSection
EndGlobal
